# This file was autogenerated by Stack.
# You should not edit this file by hand.
# For more information, please see the documentation at:
#   https://docs.haskellstack.org/en/stable/lock_files

packages:
- completed:
    name: epi-types
    version: 0.1.1.0
    git: https://github.com/aezarebski/epi-types.git
    pantry-tree:
      size: 524
      sha256: 7f0bc8b86a5b1ce65b5eadbd7a4b5e441b84aacdcf8209284c2e21d7abb85990
    commit: 7c1beb9871b9b7e40878b7a9586d2bbd15964118
  original:
    git: https://github.com/aezarebski/epi-types.git
    commit: 7c1beb9871b9b7e40878b7a9586d2bbd15964118
snapshots:
- completed:
    size: 488576
    url: https://raw.githubusercontent.com/commercialhaskell/stackage-snapshots/master/lts/15/0.yaml
    sha256: e4b6a87b47ec1cf63a7f1a0884a3b276fce2b0d174a10e8753c4f618e7983568
  original: lts-15.0
