# This file was autogenerated by Stack.
# You should not edit this file by hand.
# For more information, please see the documentation at:
#   https://docs.haskellstack.org/en/stable/lock_files

packages:
- completed:
    name: epi-types
    version: 0.2.1.1
    git: https://github.com/aezarebski/epi-types.git
    pantry-tree:
      size: 812
      sha256: 619147c34afdb0bdb6da6af16da87327dae6cde6ea566f65473f04e479075ad0
    commit: c9be2e6869a418cdde9fa1ba68d8ccc988740d69
  original:
    git: https://github.com/aezarebski/epi-types.git
    commit: c9be2e6869a418cdde9fa1ba68d8ccc988740d69
snapshots:
- completed:
    size: 488576
    url: https://raw.githubusercontent.com/commercialhaskell/stackage-snapshots/master/lts/15/0.yaml
    sha256: e4b6a87b47ec1cf63a7f1a0884a3b276fce2b0d174a10e8753c4f618e7983568
  original: lts-15.0
