# This file was autogenerated by Stack.
# You should not edit this file by hand.
# For more information, please see the documentation at:
#   https://docs.haskellstack.org/en/stable/lock_files

packages:
- completed:
    name: epi-types
    version: 0.1.1.1
    git: https://github.com/aezarebski/epi-types.git
    pantry-tree:
      size: 524
      sha256: deaa34d1a858a3b0317e9c23fd710c3dfb8f07f07287b4e21bb3c42e14e1919b
    commit: e065077a459e082b4472dbd9f21c0b15f4092203
  original:
    git: https://github.com/aezarebski/epi-types.git
    commit: e065077a459e082b4472dbd9f21c0b15f4092203
snapshots:
- completed:
    size: 488576
    url: https://raw.githubusercontent.com/commercialhaskell/stackage-snapshots/master/lts/15/0.yaml
    sha256: e4b6a87b47ec1cf63a7f1a0884a3b276fce2b0d174a10e8753c4f618e7983568
  original: lts-15.0
